
Microsoft Visual Studio Solution File, Format Version 12.00
Project("{FAE04EC0-301F-11D3-BF4B-00C04F79EFBC}") = "FXExchange", "FXExchange\FXExchange.csproj", "{F7F30D7B-4A63-462F-9B9B-AA4DDA73C988}"
EndProject
Project("{FAE04EC0-301F-11D3-BF4B-00C04F79EFBC}") = "Exchange", "Exchange\Exchange.csproj", "{5E3D6790-9A35-4C69-B0F2-2FC330055101}"
EndProject
Global
	GlobalSection(SolutionConfigurationPlatforms) = preSolution
		Debug|Any CPU = Debug|Any CPU
		Release|Any CPU = Release|Any CPU
	EndGlobalSection
	GlobalSection(ProjectConfigurationPlatforms) = postSolution
		{F7F30D7B-4A63-462F-9B9B-AA4DDA73C988}.Debug|Any CPU.ActiveCfg = Debug|Any CPU
		{F7F30D7B-4A63-462F-9B9B-AA4DDA73C988}.Debug|Any CPU.Build.0 = Debug|Any CPU
		{F7F30D7B-4A63-462F-9B9B-AA4DDA73C988}.Release|Any CPU.ActiveCfg = Release|Any CPU
		{F7F30D7B-4A63-462F-9B9B-AA4DDA73C988}.Release|Any CPU.Build.0 = Release|Any CPU
		{5E3D6790-9A35-4C69-B0F2-2FC330055101}.Debug|Any CPU.ActiveCfg = Debug|Any CPU
		{5E3D6790-9A35-4C69-B0F2-2FC330055101}.Debug|Any CPU.Build.0 = Debug|Any CPU
		{5E3D6790-9A35-4C69-B0F2-2FC330055101}.Release|Any CPU.ActiveCfg = Release|Any CPU
		{5E3D6790-9A35-4C69-B0F2-2FC330055101}.Release|Any CPU.Build.0 = Release|Any CPU
	EndGlobalSection
EndGlobal
